// !$*UTF8*$!
{
	archiveVersion = 1;
	classes = {
	};
	objectVersion = 50;
	objects = {

/* Begin PBXBuildFile section */
		A3D7ABF924813E7000BE96BB /* AppDelegate.swift in Sources */ = {isa = PBXBuildFile; fileRef = A3D7ABF824813E7000BE96BB /* AppDelegate.swift */; };
		A3D7ABFB24813E7000BE96BB /* SceneDelegate.swift in Sources */ = {isa = PBXBuildFile; fileRef = A3D7ABFA24813E7000BE96BB /* SceneDelegate.swift */; };
		A3D7AC0224813E7300BE96BB /* Assets.xcassets in Resources */ = {isa = PBXBuildFile; fileRef = A3D7AC0124813E7300BE96BB /* Assets.xcassets */; };
		A3D7AC0524813E7300BE96BB /* LaunchScreen.storyboard in Resources */ = {isa = PBXBuildFile; fileRef = A3D7AC0324813E7300BE96BB /* LaunchScreen.storyboard */; };
		A3D7AC1024813E7400BE96BB /* FlightRadarTests.swift in Sources */ = {isa = PBXBuildFile; fileRef = A3D7AC0F24813E7400BE96BB /* FlightRadarTests.swift */; };
		A3D7AC1B24813E7400BE96BB /* FlightRadarUITests.swift in Sources */ = {isa = PBXBuildFile; fileRef = A3D7AC1A24813E7400BE96BB /* FlightRadarUITests.swift */; };
		A3D7AC2B24813F4700BE96BB /* FlightsVC.swift in Sources */ = {isa = PBXBuildFile; fileRef = A3D7AC2A24813F4700BE96BB /* FlightsVC.swift */; };
		A3D7AC2C24813F4700BE96BB /* FlightsVC.swift in Sources */ = {isa = PBXBuildFile; fileRef = A3D7AC2A24813F4700BE96BB /* FlightsVC.swift */; };
		A3D7AC2D24813F4700BE96BB /* FlightsVC.swift in Sources */ = {isa = PBXBuildFile; fileRef = A3D7AC2A24813F4700BE96BB /* FlightsVC.swift */; };
		A3D7AC312481462200BE96BB /* UIView+Constraints.swift in Sources */ = {isa = PBXBuildFile; fileRef = A3D7AC302481462200BE96BB /* UIView+Constraints.swift */; };
		A3D7AC322481462200BE96BB /* UIView+Constraints.swift in Sources */ = {isa = PBXBuildFile; fileRef = A3D7AC302481462200BE96BB /* UIView+Constraints.swift */; };
		A3D7AC332481462200BE96BB /* UIView+Constraints.swift in Sources */ = {isa = PBXBuildFile; fileRef = A3D7AC302481462200BE96BB /* UIView+Constraints.swift */; };
		A3D7AC3A2481531F00BE96BB /* FilterVC.swift in Sources */ = {isa = PBXBuildFile; fileRef = A3D7AC392481531F00BE96BB /* FilterVC.swift */; };
		A3D7AC3B2481531F00BE96BB /* FilterVC.swift in Sources */ = {isa = PBXBuildFile; fileRef = A3D7AC392481531F00BE96BB /* FilterVC.swift */; };
		A3D7AC3C2481531F00BE96BB /* FilterVC.swift in Sources */ = {isa = PBXBuildFile; fileRef = A3D7AC392481531F00BE96BB /* FilterVC.swift */; };
		A3D7AC3E248153E100BE96BB /* Table.swift in Sources */ = {isa = PBXBuildFile; fileRef = A3D7AC3D248153E100BE96BB /* Table.swift */; };
		A3D7AC3F248153E100BE96BB /* Table.swift in Sources */ = {isa = PBXBuildFile; fileRef = A3D7AC3D248153E100BE96BB /* Table.swift */; };
		A3D7AC40248153E100BE96BB /* Table.swift in Sources */ = {isa = PBXBuildFile; fileRef = A3D7AC3D248153E100BE96BB /* Table.swift */; };
		A3D7AC482481574600BE96BB /* FilterCell.swift in Sources */ = {isa = PBXBuildFile; fileRef = A3D7AC462481574600BE96BB /* FilterCell.swift */; };
		A3D7AC492481574600BE96BB /* FilterCell.swift in Sources */ = {isa = PBXBuildFile; fileRef = A3D7AC462481574600BE96BB /* FilterCell.swift */; };
		A3D7AC4A2481574600BE96BB /* FilterCell.swift in Sources */ = {isa = PBXBuildFile; fileRef = A3D7AC462481574600BE96BB /* FilterCell.swift */; };
		A3D7AC4B2481574600BE96BB /* FilterCell.xib in Resources */ = {isa = PBXBuildFile; fileRef = A3D7AC472481574600BE96BB /* FilterCell.xib */; };
		A3D7AC4C2481574600BE96BB /* FilterCell.xib in Resources */ = {isa = PBXBuildFile; fileRef = A3D7AC472481574600BE96BB /* FilterCell.xib */; };
		A3D7AC4D2481574600BE96BB /* FilterCell.xib in Resources */ = {isa = PBXBuildFile; fileRef = A3D7AC472481574600BE96BB /* FilterCell.xib */; };
		A3D7AC50248159DB00BE96BB /* Country.swift in Sources */ = {isa = PBXBuildFile; fileRef = A3D7AC4F248159DB00BE96BB /* Country.swift */; };
		A3D7AC51248159DB00BE96BB /* Country.swift in Sources */ = {isa = PBXBuildFile; fileRef = A3D7AC4F248159DB00BE96BB /* Country.swift */; };
		A3D7AC52248159DB00BE96BB /* Country.swift in Sources */ = {isa = PBXBuildFile; fileRef = A3D7AC4F248159DB00BE96BB /* Country.swift */; };
		A3D7AC592481890700BE96BB /* Museo100-Regular.otf in Resources */ = {isa = PBXBuildFile; fileRef = A3D7AC542481890700BE96BB /* Museo100-Regular.otf */; };
		A3D7AC5A2481890700BE96BB /* Museo100-Regular.otf in Resources */ = {isa = PBXBuildFile; fileRef = A3D7AC542481890700BE96BB /* Museo100-Regular.otf */; };
		A3D7AC5B2481890700BE96BB /* Museo100-Regular.otf in Resources */ = {isa = PBXBuildFile; fileRef = A3D7AC542481890700BE96BB /* Museo100-Regular.otf */; };
		A3D7AC5C2481890700BE96BB /* Museo500-Regular.otf in Resources */ = {isa = PBXBuildFile; fileRef = A3D7AC552481890700BE96BB /* Museo500-Regular.otf */; };
		A3D7AC5D2481890700BE96BB /* Museo500-Regular.otf in Resources */ = {isa = PBXBuildFile; fileRef = A3D7AC552481890700BE96BB /* Museo500-Regular.otf */; };
		A3D7AC5E2481890700BE96BB /* Museo500-Regular.otf in Resources */ = {isa = PBXBuildFile; fileRef = A3D7AC552481890700BE96BB /* Museo500-Regular.otf */; };
		A3D7AC5F2481890700BE96BB /* Museo900-Regular.otf in Resources */ = {isa = PBXBuildFile; fileRef = A3D7AC562481890700BE96BB /* Museo900-Regular.otf */; };
		A3D7AC602481890700BE96BB /* Museo900-Regular.otf in Resources */ = {isa = PBXBuildFile; fileRef = A3D7AC562481890700BE96BB /* Museo900-Regular.otf */; };
		A3D7AC612481890700BE96BB /* Museo900-Regular.otf in Resources */ = {isa = PBXBuildFile; fileRef = A3D7AC562481890700BE96BB /* Museo900-Regular.otf */; };
		A3D7AC622481890700BE96BB /* Museo300-Regular.otf in Resources */ = {isa = PBXBuildFile; fileRef = A3D7AC572481890700BE96BB /* Museo300-Regular.otf */; };
		A3D7AC632481890700BE96BB /* Museo300-Regular.otf in Resources */ = {isa = PBXBuildFile; fileRef = A3D7AC572481890700BE96BB /* Museo300-Regular.otf */; };
		A3D7AC642481890700BE96BB /* Museo300-Regular.otf in Resources */ = {isa = PBXBuildFile; fileRef = A3D7AC572481890700BE96BB /* Museo300-Regular.otf */; };
		A3D7AC652481890700BE96BB /* Museo700-Regular.otf in Resources */ = {isa = PBXBuildFile; fileRef = A3D7AC582481890700BE96BB /* Museo700-Regular.otf */; };
		A3D7AC662481890700BE96BB /* Museo700-Regular.otf in Resources */ = {isa = PBXBuildFile; fileRef = A3D7AC582481890700BE96BB /* Museo700-Regular.otf */; };
		A3D7AC672481890700BE96BB /* Museo700-Regular.otf in Resources */ = {isa = PBXBuildFile; fileRef = A3D7AC582481890700BE96BB /* Museo700-Regular.otf */; };
		A3D7AC6A24818CB000BE96BB /* Configuration.swift in Sources */ = {isa = PBXBuildFile; fileRef = A3D7AC6924818CB000BE96BB /* Configuration.swift */; };
		A3D7AC6B24818CB000BE96BB /* Configuration.swift in Sources */ = {isa = PBXBuildFile; fileRef = A3D7AC6924818CB000BE96BB /* Configuration.swift */; };
		A3D7AC6C24818CB000BE96BB /* Configuration.swift in Sources */ = {isa = PBXBuildFile; fileRef = A3D7AC6924818CB000BE96BB /* Configuration.swift */; };
		A3D7AC7324825CE600BE96BB /* Filter.swift in Sources */ = {isa = PBXBuildFile; fileRef = A3D7AC7224825CE600BE96BB /* Filter.swift */; };
		A3D7AC7424825CE600BE96BB /* Filter.swift in Sources */ = {isa = PBXBuildFile; fileRef = A3D7AC7224825CE600BE96BB /* Filter.swift */; };
		A3D7AC7524825CE600BE96BB /* Filter.swift in Sources */ = {isa = PBXBuildFile; fileRef = A3D7AC7224825CE600BE96BB /* Filter.swift */; };
		A3D7AC7724825D8F00BE96BB /* FlightMap.swift in Sources */ = {isa = PBXBuildFile; fileRef = A3D7AC7624825D8F00BE96BB /* FlightMap.swift */; };
		A3D7AC7824825D8F00BE96BB /* FlightMap.swift in Sources */ = {isa = PBXBuildFile; fileRef = A3D7AC7624825D8F00BE96BB /* FlightMap.swift */; };
		A3D7AC7924825D8F00BE96BB /* FlightMap.swift in Sources */ = {isa = PBXBuildFile; fileRef = A3D7AC7624825D8F00BE96BB /* FlightMap.swift */; };
		A3D7AC7C24826C9B00BE96BB /* SwiftyJSON.swift in Sources */ = {isa = PBXBuildFile; fileRef = A3D7AC7B24826C9B00BE96BB /* SwiftyJSON.swift */; };
		A3D7AC7D24826C9B00BE96BB /* SwiftyJSON.swift in Sources */ = {isa = PBXBuildFile; fileRef = A3D7AC7B24826C9B00BE96BB /* SwiftyJSON.swift */; };
		A3D7AC7E24826C9B00BE96BB /* SwiftyJSON.swift in Sources */ = {isa = PBXBuildFile; fileRef = A3D7AC7B24826C9B00BE96BB /* SwiftyJSON.swift */; };
		A3D7AC8024826CEE00BE96BB /* Promise.swift in Sources */ = {isa = PBXBuildFile; fileRef = A3D7AC7F24826CEE00BE96BB /* Promise.swift */; };
		A3D7AC8124826CEE00BE96BB /* Promise.swift in Sources */ = {isa = PBXBuildFile; fileRef = A3D7AC7F24826CEE00BE96BB /* Promise.swift */; };
		A3D7AC8224826CEE00BE96BB /* Promise.swift in Sources */ = {isa = PBXBuildFile; fileRef = A3D7AC7F24826CEE00BE96BB /* Promise.swift */; };
		A3D7AC8424826D0E00BE96BB /* Network.swift in Sources */ = {isa = PBXBuildFile; fileRef = A3D7AC8324826D0E00BE96BB /* Network.swift */; };
		A3D7AC8524826D0E00BE96BB /* Network.swift in Sources */ = {isa = PBXBuildFile; fileRef = A3D7AC8324826D0E00BE96BB /* Network.swift */; };
		A3D7AC8624826D0E00BE96BB /* Network.swift in Sources */ = {isa = PBXBuildFile; fileRef = A3D7AC8324826D0E00BE96BB /* Network.swift */; };
		A3D7AC882482738200BE96BB /* FlightNetwork.swift in Sources */ = {isa = PBXBuildFile; fileRef = A3D7AC872482738200BE96BB /* FlightNetwork.swift */; };
		A3D7AC892482738200BE96BB /* FlightNetwork.swift in Sources */ = {isa = PBXBuildFile; fileRef = A3D7AC872482738200BE96BB /* FlightNetwork.swift */; };
		A3D7AC8A2482738200BE96BB /* FlightNetwork.swift in Sources */ = {isa = PBXBuildFile; fileRef = A3D7AC872482738200BE96BB /* FlightNetwork.swift */; };
		A3D7AC8C24827FC300BE96BB /* Flight.swift in Sources */ = {isa = PBXBuildFile; fileRef = A3D7AC8B24827FC300BE96BB /* Flight.swift */; };
		A3D7AC8D24827FC300BE96BB /* Flight.swift in Sources */ = {isa = PBXBuildFile; fileRef = A3D7AC8B24827FC300BE96BB /* Flight.swift */; };
		A3D7AC8E24827FC300BE96BB /* Flight.swift in Sources */ = {isa = PBXBuildFile; fileRef = A3D7AC8B24827FC300BE96BB /* Flight.swift */; };
		A3D7AC90248285F000BE96BB /* FlightVCPresenter.swift in Sources */ = {isa = PBXBuildFile; fileRef = A3D7AC8F248285F000BE96BB /* FlightVCPresenter.swift */; };
		A3D7AC91248285F000BE96BB /* FlightVCPresenter.swift in Sources */ = {isa = PBXBuildFile; fileRef = A3D7AC8F248285F000BE96BB /* FlightVCPresenter.swift */; };
		A3D7AC92248285F000BE96BB /* FlightVCPresenter.swift in Sources */ = {isa = PBXBuildFile; fileRef = A3D7AC8F248285F000BE96BB /* FlightVCPresenter.swift */; };
		A3D7AC942482881C00BE96BB /* UIViewController+AlertView.swift in Sources */ = {isa = PBXBuildFile; fileRef = A3D7AC932482881C00BE96BB /* UIViewController+AlertView.swift */; };
		A3D7AC952482881C00BE96BB /* UIViewController+AlertView.swift in Sources */ = {isa = PBXBuildFile; fileRef = A3D7AC932482881C00BE96BB /* UIViewController+AlertView.swift */; };
		A3D7AC962482881C00BE96BB /* UIViewController+AlertView.swift in Sources */ = {isa = PBXBuildFile; fileRef = A3D7AC932482881C00BE96BB /* UIViewController+AlertView.swift */; };
		A3D7AC9824829D6200BE96BB /* FlightAnnotation.swift in Sources */ = {isa = PBXBuildFile; fileRef = A3D7AC9724829D6200BE96BB /* FlightAnnotation.swift */; };
		A3D7AC9924829D6200BE96BB /* FlightAnnotation.swift in Sources */ = {isa = PBXBuildFile; fileRef = A3D7AC9724829D6200BE96BB /* FlightAnnotation.swift */; };
		A3D7AC9A24829D6200BE96BB /* FlightAnnotation.swift in Sources */ = {isa = PBXBuildFile; fileRef = A3D7AC9724829D6200BE96BB /* FlightAnnotation.swift */; };
		A3D7AC9C2482A15E00BE96BB /* FlightAnnotationView.swift in Sources */ = {isa = PBXBuildFile; fileRef = A3D7AC9B2482A15E00BE96BB /* FlightAnnotationView.swift */; };
		A3D7AC9D2482A15E00BE96BB /* FlightAnnotationView.swift in Sources */ = {isa = PBXBuildFile; fileRef = A3D7AC9B2482A15E00BE96BB /* FlightAnnotationView.swift */; };
		A3D7AC9E2482A15E00BE96BB /* FlightAnnotationView.swift in Sources */ = {isa = PBXBuildFile; fileRef = A3D7AC9B2482A15E00BE96BB /* FlightAnnotationView.swift */; };
		A3D7ACA42482F9AA00BE96BB /* FilterVCPresenter.swift in Sources */ = {isa = PBXBuildFile; fileRef = A3D7ACA32482F9AA00BE96BB /* FilterVCPresenter.swift */; };
		A3D7ACA52482F9AA00BE96BB /* FilterVCPresenter.swift in Sources */ = {isa = PBXBuildFile; fileRef = A3D7ACA32482F9AA00BE96BB /* FilterVCPresenter.swift */; };
		A3D7ACA62482F9AA00BE96BB /* FilterVCPresenter.swift in Sources */ = {isa = PBXBuildFile; fileRef = A3D7ACA32482F9AA00BE96BB /* FilterVCPresenter.swift */; };
/* End PBXBuildFile section */

/* Begin PBXContainerItemProxy section */
		A3D7AC0C24813E7400BE96BB /* PBXContainerItemProxy */ = {
			isa = PBXContainerItemProxy;
			containerPortal = A3D7ABED24813E7000BE96BB /* Project object */;
			proxyType = 1;
			remoteGlobalIDString = A3D7ABF424813E7000BE96BB;
			remoteInfo = FlightRadar;
		};
		A3D7AC1724813E7400BE96BB /* PBXContainerItemProxy */ = {
			isa = PBXContainerItemProxy;
			containerPortal = A3D7ABED24813E7000BE96BB /* Project object */;
			proxyType = 1;
			remoteGlobalIDString = A3D7ABF424813E7000BE96BB;
			remoteInfo = FlightRadar;
		};
/* End PBXContainerItemProxy section */

/* Begin PBXFileReference section */
		A3D7ABF524813E7000BE96BB /* FlightRadar.app */ = {isa = PBXFileReference; explicitFileType = wrapper.application; includeInIndex = 0; path = FlightRadar.app; sourceTree = BUILT_PRODUCTS_DIR; };
		A3D7ABF824813E7000BE96BB /* AppDelegate.swift */ = {isa = PBXFileReference; lastKnownFileType = sourcecode.swift; path = AppDelegate.swift; sourceTree = "<group>"; };
		A3D7ABFA24813E7000BE96BB /* SceneDelegate.swift */ = {isa = PBXFileReference; lastKnownFileType = sourcecode.swift; path = SceneDelegate.swift; sourceTree = "<group>"; };
		A3D7AC0124813E7300BE96BB /* Assets.xcassets */ = {isa = PBXFileReference; lastKnownFileType = folder.assetcatalog; path = Assets.xcassets; sourceTree = "<group>"; };
		A3D7AC0424813E7300BE96BB /* Base */ = {isa = PBXFileReference; lastKnownFileType = file.storyboard; name = Base; path = Base.lproj/LaunchScreen.storyboard; sourceTree = "<group>"; };
		A3D7AC0624813E7300BE96BB /* Info.plist */ = {isa = PBXFileReference; lastKnownFileType = text.plist.xml; path = Info.plist; sourceTree = "<group>"; };
		A3D7AC0B24813E7400BE96BB /* FlightRadarTests.xctest */ = {isa = PBXFileReference; explicitFileType = wrapper.cfbundle; includeInIndex = 0; path = FlightRadarTests.xctest; sourceTree = BUILT_PRODUCTS_DIR; };
		A3D7AC0F24813E7400BE96BB /* FlightRadarTests.swift */ = {isa = PBXFileReference; lastKnownFileType = sourcecode.swift; path = FlightRadarTests.swift; sourceTree = "<group>"; };
		A3D7AC1124813E7400BE96BB /* Info.plist */ = {isa = PBXFileReference; lastKnownFileType = text.plist.xml; path = Info.plist; sourceTree = "<group>"; };
		A3D7AC1624813E7400BE96BB /* FlightRadarUITests.xctest */ = {isa = PBXFileReference; explicitFileType = wrapper.cfbundle; includeInIndex = 0; path = FlightRadarUITests.xctest; sourceTree = BUILT_PRODUCTS_DIR; };
		A3D7AC1A24813E7400BE96BB /* FlightRadarUITests.swift */ = {isa = PBXFileReference; lastKnownFileType = sourcecode.swift; path = FlightRadarUITests.swift; sourceTree = "<group>"; };
		A3D7AC1C24813E7400BE96BB /* Info.plist */ = {isa = PBXFileReference; lastKnownFileType = text.plist.xml; path = Info.plist; sourceTree = "<group>"; };
		A3D7AC2A24813F4700BE96BB /* FlightsVC.swift */ = {isa = PBXFileReference; lastKnownFileType = sourcecode.swift; path = FlightsVC.swift; sourceTree = "<group>"; };
		A3D7AC302481462200BE96BB /* UIView+Constraints.swift */ = {isa = PBXFileReference; lastKnownFileType = sourcecode.swift; path = "UIView+Constraints.swift"; sourceTree = "<group>"; };
		A3D7AC392481531F00BE96BB /* FilterVC.swift */ = {isa = PBXFileReference; lastKnownFileType = sourcecode.swift; path = FilterVC.swift; sourceTree = "<group>"; };
		A3D7AC3D248153E100BE96BB /* Table.swift */ = {isa = PBXFileReference; lastKnownFileType = sourcecode.swift; path = Table.swift; sourceTree = "<group>"; };
		A3D7AC462481574600BE96BB /* FilterCell.swift */ = {isa = PBXFileReference; lastKnownFileType = sourcecode.swift; path = FilterCell.swift; sourceTree = "<group>"; };
		A3D7AC472481574600BE96BB /* FilterCell.xib */ = {isa = PBXFileReference; lastKnownFileType = file.xib; path = FilterCell.xib; sourceTree = "<group>"; };
		A3D7AC4F248159DB00BE96BB /* Country.swift */ = {isa = PBXFileReference; lastKnownFileType = sourcecode.swift; path = Country.swift; sourceTree = "<group>"; };
		A3D7AC542481890700BE96BB /* Museo100-Regular.otf */ = {isa = PBXFileReference; lastKnownFileType = file; path = "Museo100-Regular.otf"; sourceTree = "<group>"; };
		A3D7AC552481890700BE96BB /* Museo500-Regular.otf */ = {isa = PBXFileReference; lastKnownFileType = file; path = "Museo500-Regular.otf"; sourceTree = "<group>"; };
		A3D7AC562481890700BE96BB /* Museo900-Regular.otf */ = {isa = PBXFileReference; lastKnownFileType = file; path = "Museo900-Regular.otf"; sourceTree = "<group>"; };
		A3D7AC572481890700BE96BB /* Museo300-Regular.otf */ = {isa = PBXFileReference; lastKnownFileType = file; path = "Museo300-Regular.otf"; sourceTree = "<group>"; };
		A3D7AC582481890700BE96BB /* Museo700-Regular.otf */ = {isa = PBXFileReference; lastKnownFileType = file; path = "Museo700-Regular.otf"; sourceTree = "<group>"; };
		A3D7AC6924818CB000BE96BB /* Configuration.swift */ = {isa = PBXFileReference; lastKnownFileType = sourcecode.swift; path = Configuration.swift; sourceTree = "<group>"; };
		A3D7AC7224825CE600BE96BB /* Filter.swift */ = {isa = PBXFileReference; lastKnownFileType = sourcecode.swift; path = Filter.swift; sourceTree = "<group>"; };
		A3D7AC7624825D8F00BE96BB /* FlightMap.swift */ = {isa = PBXFileReference; lastKnownFileType = sourcecode.swift; path = FlightMap.swift; sourceTree = "<group>"; };
		A3D7AC7B24826C9B00BE96BB /* SwiftyJSON.swift */ = {isa = PBXFileReference; lastKnownFileType = sourcecode.swift; path = SwiftyJSON.swift; sourceTree = "<group>"; };
		A3D7AC7F24826CEE00BE96BB /* Promise.swift */ = {isa = PBXFileReference; fileEncoding = 4; lastKnownFileType = sourcecode.swift; path = Promise.swift; sourceTree = "<group>"; };
		A3D7AC8324826D0E00BE96BB /* Network.swift */ = {isa = PBXFileReference; lastKnownFileType = sourcecode.swift; path = Network.swift; sourceTree = "<group>"; };
		A3D7AC872482738200BE96BB /* FlightNetwork.swift */ = {isa = PBXFileReference; lastKnownFileType = sourcecode.swift; path = FlightNetwork.swift; sourceTree = "<group>"; };
		A3D7AC8B24827FC300BE96BB /* Flight.swift */ = {isa = PBXFileReference; lastKnownFileType = sourcecode.swift; path = Flight.swift; sourceTree = "<group>"; };
		A3D7AC8F248285F000BE96BB /* FlightVCPresenter.swift */ = {isa = PBXFileReference; lastKnownFileType = sourcecode.swift; path = FlightVCPresenter.swift; sourceTree = "<group>"; };
		A3D7AC932482881C00BE96BB /* UIViewController+AlertView.swift */ = {isa = PBXFileReference; lastKnownFileType = sourcecode.swift; path = "UIViewController+AlertView.swift"; sourceTree = "<group>"; };
		A3D7AC9724829D6200BE96BB /* FlightAnnotation.swift */ = {isa = PBXFileReference; lastKnownFileType = sourcecode.swift; path = FlightAnnotation.swift; sourceTree = "<group>"; };
		A3D7AC9B2482A15E00BE96BB /* FlightAnnotationView.swift */ = {isa = PBXFileReference; lastKnownFileType = sourcecode.swift; path = FlightAnnotationView.swift; sourceTree = "<group>"; };
		A3D7ACA32482F9AA00BE96BB /* FilterVCPresenter.swift */ = {isa = PBXFileReference; lastKnownFileType = sourcecode.swift; path = FilterVCPresenter.swift; sourceTree = "<group>"; };
/* End PBXFileReference section */

/* Begin PBXFrameworksBuildPhase section */
		A3D7ABF224813E7000BE96BB /* Frameworks */ = {
			isa = PBXFrameworksBuildPhase;
			buildActionMask = 2147483647;
			files = (
			);
			runOnlyForDeploymentPostprocessing = 0;
		};
		A3D7AC0824813E7400BE96BB /* Frameworks */ = {
			isa = PBXFrameworksBuildPhase;
			buildActionMask = 2147483647;
			files = (
			);
			runOnlyForDeploymentPostprocessing = 0;
		};
		A3D7AC1324813E7400BE96BB /* Frameworks */ = {
			isa = PBXFrameworksBuildPhase;
			buildActionMask = 2147483647;
			files = (
			);
			runOnlyForDeploymentPostprocessing = 0;
		};
/* End PBXFrameworksBuildPhase section */

/* Begin PBXGroup section */
		A3D7ABEC24813E7000BE96BB = {
			isa = PBXGroup;
			children = (
				A3D7ABF724813E7000BE96BB /* FlightRadar */,
				A3D7AC0E24813E7400BE96BB /* FlightRadarTests */,
				A3D7AC1924813E7400BE96BB /* FlightRadarUITests */,
				A3D7ABF624813E7000BE96BB /* Products */,
			);
			sourceTree = "<group>";
		};
		A3D7ABF624813E7000BE96BB /* Products */ = {
			isa = PBXGroup;
			children = (
				A3D7ABF524813E7000BE96BB /* FlightRadar.app */,
				A3D7AC0B24813E7400BE96BB /* FlightRadarTests.xctest */,
				A3D7AC1624813E7400BE96BB /* FlightRadarUITests.xctest */,
			);
			name = Products;
			sourceTree = "<group>";
		};
		A3D7ABF724813E7000BE96BB /* FlightRadar */ = {
			isa = PBXGroup;
			children = (
				A3D7AC7A24826C8A00BE96BB /* Helpers */,
				A3D7AC6824818C3300BE96BB /* Application */,
				A3D7AC53248188C000BE96BB /* Fonts */,
				A3D7AC4E2481588600BE96BB /* Models */,
				A3D7AC2F2481461100BE96BB /* Extensions */,
				A3D7AC2E2481460C00BE96BB /* Views */,
				A3D7AC2824813EEA00BE96BB /* ViewControllers */,
				A3D7ABF824813E7000BE96BB /* AppDelegate.swift */,
				A3D7ABFA24813E7000BE96BB /* SceneDelegate.swift */,
				A3D7AC0124813E7300BE96BB /* Assets.xcassets */,
				A3D7AC0324813E7300BE96BB /* LaunchScreen.storyboard */,
				A3D7AC0624813E7300BE96BB /* Info.plist */,
			);
			path = FlightRadar;
			sourceTree = "<group>";
		};
		A3D7AC0E24813E7400BE96BB /* FlightRadarTests */ = {
			isa = PBXGroup;
			children = (
				A3D7AC0F24813E7400BE96BB /* FlightRadarTests.swift */,
				A3D7AC1124813E7400BE96BB /* Info.plist */,
			);
			path = FlightRadarTests;
			sourceTree = "<group>";
		};
		A3D7AC1924813E7400BE96BB /* FlightRadarUITests */ = {
			isa = PBXGroup;
			children = (
				A3D7AC1A24813E7400BE96BB /* FlightRadarUITests.swift */,
				A3D7AC1C24813E7400BE96BB /* Info.plist */,
			);
			path = FlightRadarUITests;
			sourceTree = "<group>";
		};
		A3D7AC2824813EEA00BE96BB /* ViewControllers */ = {
			isa = PBXGroup;
			children = (
				A3D7AC382481530F00BE96BB /* FilterVC */,
				A3D7AC2924813F3100BE96BB /* FlightsVC */,
			);
			path = ViewControllers;
			sourceTree = "<group>";
		};
		A3D7AC2924813F3100BE96BB /* FlightsVC */ = {
			isa = PBXGroup;
			children = (
				A3D7AC2A24813F4700BE96BB /* FlightsVC.swift */,
				A3D7AC8F248285F000BE96BB /* FlightVCPresenter.swift */,
			);
			path = FlightsVC;
			sourceTree = "<group>";
		};
		A3D7AC2E2481460C00BE96BB /* Views */ = {
			isa = PBXGroup;
			children = (
				A3D7AC3D248153E100BE96BB /* Table.swift */,
				A3D7AC7624825D8F00BE96BB /* FlightMap.swift */,
				A3D7AC9B2482A15E00BE96BB /* FlightAnnotationView.swift */,
			);
			path = Views;
			sourceTree = "<group>";
		};
		A3D7AC2F2481461100BE96BB /* Extensions */ = {
			isa = PBXGroup;
			children = (
				A3D7AC302481462200BE96BB /* UIView+Constraints.swift */,
				A3D7AC932482881C00BE96BB /* UIViewController+AlertView.swift */,
			);
			path = Extensions;
			sourceTree = "<group>";
		};
		A3D7AC382481530F00BE96BB /* FilterVC */ = {
			isa = PBXGroup;
			children = (
				A3D7AC452481573700BE96BB /* FilterCell */,
				A3D7AC392481531F00BE96BB /* FilterVC.swift */,
				A3D7ACA32482F9AA00BE96BB /* FilterVCPresenter.swift */,
			);
			path = FilterVC;
			sourceTree = "<group>";
		};
		A3D7AC452481573700BE96BB /* FilterCell */ = {
			isa = PBXGroup;
			children = (
				A3D7AC462481574600BE96BB /* FilterCell.swift */,
				A3D7AC472481574600BE96BB /* FilterCell.xib */,
			);
			path = FilterCell;
			sourceTree = "<group>";
		};
		A3D7AC4E2481588600BE96BB /* Models */ = {
			isa = PBXGroup;
			children = (
				A3D7AC4F248159DB00BE96BB /* Country.swift */,
				A3D7AC7224825CE600BE96BB /* Filter.swift */,
				A3D7AC872482738200BE96BB /* FlightNetwork.swift */,
				A3D7AC8B24827FC300BE96BB /* Flight.swift */,
				A3D7AC9724829D6200BE96BB /* FlightAnnotation.swift */,
			);
			path = Models;
			sourceTree = "<group>";
		};
		A3D7AC53248188C000BE96BB /* Fonts */ = {
			isa = PBXGroup;
			children = (
				A3D7AC542481890700BE96BB /* Museo100-Regular.otf */,
				A3D7AC572481890700BE96BB /* Museo300-Regular.otf */,
				A3D7AC552481890700BE96BB /* Museo500-Regular.otf */,
				A3D7AC582481890700BE96BB /* Museo700-Regular.otf */,
				A3D7AC562481890700BE96BB /* Museo900-Regular.otf */,
			);
			path = Fonts;
			sourceTree = "<group>";
		};
		A3D7AC6824818C3300BE96BB /* Application */ = {
			isa = PBXGroup;
			children = (
				A3D7AC6924818CB000BE96BB /* Configuration.swift */,
			);
			path = Application;
			sourceTree = "<group>";
		};
		A3D7AC7A24826C8A00BE96BB /* Helpers */ = {
			isa = PBXGroup;
			children = (
				A3D7AC7F24826CEE00BE96BB /* Promise.swift */,
				A3D7AC7B24826C9B00BE96BB /* SwiftyJSON.swift */,
				A3D7AC8324826D0E00BE96BB /* Network.swift */,
			);
			path = Helpers;
			sourceTree = "<group>";
		};
/* End PBXGroup section */

/* Begin PBXNativeTarget section */
		A3D7ABF424813E7000BE96BB /* FlightRadar */ = {
			isa = PBXNativeTarget;
			buildConfigurationList = A3D7AC1F24813E7400BE96BB /* Build configuration list for PBXNativeTarget "FlightRadar" */;
			buildPhases = (
				A3D7ABF124813E7000BE96BB /* Sources */,
				A3D7ABF224813E7000BE96BB /* Frameworks */,
				A3D7ABF324813E7000BE96BB /* Resources */,
			);
			buildRules = (
			);
			dependencies = (
			);
			name = FlightRadar;
			productName = FlightRadar;
			productReference = A3D7ABF524813E7000BE96BB /* FlightRadar.app */;
			productType = "com.apple.product-type.application";
		};
		A3D7AC0A24813E7400BE96BB /* FlightRadarTests */ = {
			isa = PBXNativeTarget;
			buildConfigurationList = A3D7AC2224813E7400BE96BB /* Build configuration list for PBXNativeTarget "FlightRadarTests" */;
			buildPhases = (
				A3D7AC0724813E7400BE96BB /* Sources */,
				A3D7AC0824813E7400BE96BB /* Frameworks */,
				A3D7AC0924813E7400BE96BB /* Resources */,
			);
			buildRules = (
			);
			dependencies = (
				A3D7AC0D24813E7400BE96BB /* PBXTargetDependency */,
			);
			name = FlightRadarTests;
			productName = FlightRadarTests;
			productReference = A3D7AC0B24813E7400BE96BB /* FlightRadarTests.xctest */;
			productType = "com.apple.product-type.bundle.unit-test";
		};
		A3D7AC1524813E7400BE96BB /* FlightRadarUITests */ = {
			isa = PBXNativeTarget;
			buildConfigurationList = A3D7AC2524813E7400BE96BB /* Build configuration list for PBXNativeTarget "FlightRadarUITests" */;
			buildPhases = (
				A3D7AC1224813E7400BE96BB /* Sources */,
				A3D7AC1324813E7400BE96BB /* Frameworks */,
				A3D7AC1424813E7400BE96BB /* Resources */,
			);
			buildRules = (
			);
			dependencies = (
				A3D7AC1824813E7400BE96BB /* PBXTargetDependency */,
			);
			name = FlightRadarUITests;
			productName = FlightRadarUITests;
			productReference = A3D7AC1624813E7400BE96BB /* FlightRadarUITests.xctest */;
			productType = "com.apple.product-type.bundle.ui-testing";
		};
/* End PBXNativeTarget section */

/* Begin PBXProject section */
		A3D7ABED24813E7000BE96BB /* Project object */ = {
			isa = PBXProject;
			attributes = {
				LastSwiftUpdateCheck = 1140;
				LastUpgradeCheck = 1140;
				ORGANIZATIONNAME = "aybek can kaya";
				TargetAttributes = {
					A3D7ABF424813E7000BE96BB = {
						CreatedOnToolsVersion = 11.4.1;
					};
					A3D7AC0A24813E7400BE96BB = {
						CreatedOnToolsVersion = 11.4.1;
						TestTargetID = A3D7ABF424813E7000BE96BB;
					};
					A3D7AC1524813E7400BE96BB = {
						CreatedOnToolsVersion = 11.4.1;
						TestTargetID = A3D7ABF424813E7000BE96BB;
					};
				};
			};
			buildConfigurationList = A3D7ABF024813E7000BE96BB /* Build configuration list for PBXProject "FlightRadar" */;
			compatibilityVersion = "Xcode 9.3";
			developmentRegion = en;
			hasScannedForEncodings = 0;
			knownRegions = (
				en,
				Base,
			);
			mainGroup = A3D7ABEC24813E7000BE96BB;
			productRefGroup = A3D7ABF624813E7000BE96BB /* Products */;
			projectDirPath = "";
			projectRoot = "";
			targets = (
				A3D7ABF424813E7000BE96BB /* FlightRadar */,
				A3D7AC0A24813E7400BE96BB /* FlightRadarTests */,
				A3D7AC1524813E7400BE96BB /* FlightRadarUITests */,
			);
		};
/* End PBXProject section */

/* Begin PBXResourcesBuildPhase section */
		A3D7ABF324813E7000BE96BB /* Resources */ = {
			isa = PBXResourcesBuildPhase;
			buildActionMask = 2147483647;
			files = (
				A3D7AC592481890700BE96BB /* Museo100-Regular.otf in Resources */,
				A3D7AC622481890700BE96BB /* Museo300-Regular.otf in Resources */,
				A3D7AC652481890700BE96BB /* Museo700-Regular.otf in Resources */,
				A3D7AC4B2481574600BE96BB /* FilterCell.xib in Resources */,
				A3D7AC0524813E7300BE96BB /* LaunchScreen.storyboard in Resources */,
				A3D7AC5C2481890700BE96BB /* Museo500-Regular.otf in Resources */,
				A3D7AC5F2481890700BE96BB /* Museo900-Regular.otf in Resources */,
				A3D7AC0224813E7300BE96BB /* Assets.xcassets in Resources */,
			);
			runOnlyForDeploymentPostprocessing = 0;
		};
		A3D7AC0924813E7400BE96BB /* Resources */ = {
			isa = PBXResourcesBuildPhase;
			buildActionMask = 2147483647;
			files = (
				A3D7AC662481890700BE96BB /* Museo700-Regular.otf in Resources */,
				A3D7AC602481890700BE96BB /* Museo900-Regular.otf in Resources */,
				A3D7AC5A2481890700BE96BB /* Museo100-Regular.otf in Resources */,
				A3D7AC4C2481574600BE96BB /* FilterCell.xib in Resources */,
				A3D7AC5D2481890700BE96BB /* Museo500-Regular.otf in Resources */,
				A3D7AC632481890700BE96BB /* Museo300-Regular.otf in Resources */,
			);
			runOnlyForDeploymentPostprocessing = 0;
		};
		A3D7AC1424813E7400BE96BB /* Resources */ = {
			isa = PBXResourcesBuildPhase;
			buildActionMask = 2147483647;
			files = (
				A3D7AC672481890700BE96BB /* Museo700-Regular.otf in Resources */,
				A3D7AC612481890700BE96BB /* Museo900-Regular.otf in Resources */,
				A3D7AC5B2481890700BE96BB /* Museo100-Regular.otf in Resources */,
				A3D7AC4D2481574600BE96BB /* FilterCell.xib in Resources */,
				A3D7AC5E2481890700BE96BB /* Museo500-Regular.otf in Resources */,
				A3D7AC642481890700BE96BB /* Museo300-Regular.otf in Resources */,
			);
			runOnlyForDeploymentPostprocessing = 0;
		};
/* End PBXResourcesBuildPhase section */

/* Begin PBXSourcesBuildPhase section */
		A3D7ABF124813E7000BE96BB /* Sources */ = {
			isa = PBXSourcesBuildPhase;
			buildActionMask = 2147483647;
			files = (
				A3D7AC3A2481531F00BE96BB /* FilterVC.swift in Sources */,
				A3D7AC9824829D6200BE96BB /* FlightAnnotation.swift in Sources */,
				A3D7AC7324825CE600BE96BB /* Filter.swift in Sources */,
				A3D7AC942482881C00BE96BB /* UIViewController+AlertView.swift in Sources */,
				A3D7AC7724825D8F00BE96BB /* FlightMap.swift in Sources */,
				A3D7AC7C24826C9B00BE96BB /* SwiftyJSON.swift in Sources */,
				A3D7ACA42482F9AA00BE96BB /* FilterVCPresenter.swift in Sources */,
				A3D7AC50248159DB00BE96BB /* Country.swift in Sources */,
				A3D7AC8C24827FC300BE96BB /* Flight.swift in Sources */,
				A3D7AC482481574600BE96BB /* FilterCell.swift in Sources */,
				A3D7AC3E248153E100BE96BB /* Table.swift in Sources */,
				A3D7AC8024826CEE00BE96BB /* Promise.swift in Sources */,
				A3D7ABF924813E7000BE96BB /* AppDelegate.swift in Sources */,
				A3D7AC90248285F000BE96BB /* FlightVCPresenter.swift in Sources */,
				A3D7AC6A24818CB000BE96BB /* Configuration.swift in Sources */,
				A3D7AC2B24813F4700BE96BB /* FlightsVC.swift in Sources */,
				A3D7AC882482738200BE96BB /* FlightNetwork.swift in Sources */,
				A3D7ABFB24813E7000BE96BB /* SceneDelegate.swift in Sources */,
				A3D7AC9C2482A15E00BE96BB /* FlightAnnotationView.swift in Sources */,
				A3D7AC8424826D0E00BE96BB /* Network.swift in Sources */,
				A3D7AC312481462200BE96BB /* UIView+Constraints.swift in Sources */,
			);
			runOnlyForDeploymentPostprocessing = 0;
		};
		A3D7AC0724813E7400BE96BB /* Sources */ = {
			isa = PBXSourcesBuildPhase;
			buildActionMask = 2147483647;
			files = (
				A3D7AC8524826D0E00BE96BB /* Network.swift in Sources */,
				A3D7AC952482881C00BE96BB /* UIViewController+AlertView.swift in Sources */,
				A3D7AC91248285F000BE96BB /* FlightVCPresenter.swift in Sources */,
				A3D7AC492481574600BE96BB /* FilterCell.swift in Sources */,
				A3D7AC3F248153E100BE96BB /* Table.swift in Sources */,
				A3D7AC8D24827FC300BE96BB /* Flight.swift in Sources */,
				A3D7AC9D2482A15E00BE96BB /* FlightAnnotationView.swift in Sources */,
				A3D7AC7824825D8F00BE96BB /* FlightMap.swift in Sources */,
				A3D7AC7D24826C9B00BE96BB /* SwiftyJSON.swift in Sources */,
				A3D7AC3B2481531F00BE96BB /* FilterVC.swift in Sources */,
				A3D7AC6B24818CB000BE96BB /* Configuration.swift in Sources */,
				A3D7AC9924829D6200BE96BB /* FlightAnnotation.swift in Sources */,
				A3D7AC322481462200BE96BB /* UIView+Constraints.swift in Sources */,
				A3D7AC892482738200BE96BB /* FlightNetwork.swift in Sources */,
				A3D7AC51248159DB00BE96BB /* Country.swift in Sources */,
				A3D7AC2C24813F4700BE96BB /* FlightsVC.swift in Sources */,
				A3D7AC7424825CE600BE96BB /* Filter.swift in Sources */,
				A3D7ACA52482F9AA00BE96BB /* FilterVCPresenter.swift in Sources */,
				A3D7AC1024813E7400BE96BB /* FlightRadarTests.swift in Sources */,
				A3D7AC8124826CEE00BE96BB /* Promise.swift in Sources */,
			);
			runOnlyForDeploymentPostprocessing = 0;
		};
		A3D7AC1224813E7400BE96BB /* Sources */ = {
			isa = PBXSourcesBuildPhase;
			buildActionMask = 2147483647;
			files = (
				A3D7AC8624826D0E00BE96BB /* Network.swift in Sources */,
				A3D7AC962482881C00BE96BB /* UIViewController+AlertView.swift in Sources */,
				A3D7AC92248285F000BE96BB /* FlightVCPresenter.swift in Sources */,
				A3D7AC4A2481574600BE96BB /* FilterCell.swift in Sources */,
				A3D7AC40248153E100BE96BB /* Table.swift in Sources */,
				A3D7AC8E24827FC300BE96BB /* Flight.swift in Sources */,
				A3D7AC9E2482A15E00BE96BB /* FlightAnnotationView.swift in Sources */,
				A3D7AC7924825D8F00BE96BB /* FlightMap.swift in Sources */,
				A3D7AC7E24826C9B00BE96BB /* SwiftyJSON.swift in Sources */,
				A3D7AC3C2481531F00BE96BB /* FilterVC.swift in Sources */,
				A3D7AC6C24818CB000BE96BB /* Configuration.swift in Sources */,
				A3D7AC9A24829D6200BE96BB /* FlightAnnotation.swift in Sources */,
				A3D7AC332481462200BE96BB /* UIView+Constraints.swift in Sources */,
				A3D7AC8A2482738200BE96BB /* FlightNetwork.swift in Sources */,
				A3D7AC52248159DB00BE96BB /* Country.swift in Sources */,
				A3D7AC2D24813F4700BE96BB /* FlightsVC.swift in Sources */,
				A3D7AC7524825CE600BE96BB /* Filter.swift in Sources */,
				A3D7ACA62482F9AA00BE96BB /* FilterVCPresenter.swift in Sources */,
				A3D7AC1B24813E7400BE96BB /* FlightRadarUITests.swift in Sources */,
				A3D7AC8224826CEE00BE96BB /* Promise.swift in Sources */,
			);
			runOnlyForDeploymentPostprocessing = 0;
		};
/* End PBXSourcesBuildPhase section */

/* Begin PBXTargetDependency section */
		A3D7AC0D24813E7400BE96BB /* PBXTargetDependency */ = {
			isa = PBXTargetDependency;
			target = A3D7ABF424813E7000BE96BB /* FlightRadar */;
			targetProxy = A3D7AC0C24813E7400BE96BB /* PBXContainerItemProxy */;
		};
		A3D7AC1824813E7400BE96BB /* PBXTargetDependency */ = {
			isa = PBXTargetDependency;
			target = A3D7ABF424813E7000BE96BB /* FlightRadar */;
			targetProxy = A3D7AC1724813E7400BE96BB /* PBXContainerItemProxy */;
		};
/* End PBXTargetDependency section */

/* Begin PBXVariantGroup section */
		A3D7AC0324813E7300BE96BB /* LaunchScreen.storyboard */ = {
			isa = PBXVariantGroup;
			children = (
				A3D7AC0424813E7300BE96BB /* Base */,
			);
			name = LaunchScreen.storyboard;
			sourceTree = "<group>";
		};
/* End PBXVariantGroup section */

/* Begin XCBuildConfiguration section */
		A3D7AC1D24813E7400BE96BB /* Debug */ = {
			isa = XCBuildConfiguration;
			buildSettings = {
				ALWAYS_SEARCH_USER_PATHS = NO;
				CLANG_ANALYZER_NONNULL = YES;
				CLANG_ANALYZER_NUMBER_OBJECT_CONVERSION = YES_AGGRESSIVE;
				CLANG_CXX_LANGUAGE_STANDARD = "gnu++14";
				CLANG_CXX_LIBRARY = "libc++";
				CLANG_ENABLE_MODULES = YES;
				CLANG_ENABLE_OBJC_ARC = YES;
				CLANG_ENABLE_OBJC_WEAK = YES;
				CLANG_WARN_BLOCK_CAPTURE_AUTORELEASING = YES;
				CLANG_WARN_BOOL_CONVERSION = YES;
				CLANG_WARN_COMMA = YES;
				CLANG_WARN_CONSTANT_CONVERSION = YES;
				CLANG_WARN_DEPRECATED_OBJC_IMPLEMENTATIONS = YES;
				CLANG_WARN_DIRECT_OBJC_ISA_USAGE = YES_ERROR;
				CLANG_WARN_DOCUMENTATION_COMMENTS = YES;
				CLANG_WARN_EMPTY_BODY = YES;
				CLANG_WARN_ENUM_CONVERSION = YES;
				CLANG_WARN_INFINITE_RECURSION = YES;
				CLANG_WARN_INT_CONVERSION = YES;
				CLANG_WARN_NON_LITERAL_NULL_CONVERSION = YES;
				CLANG_WARN_OBJC_IMPLICIT_RETAIN_SELF = YES;
				CLANG_WARN_OBJC_LITERAL_CONVERSION = YES;
				CLANG_WARN_OBJC_ROOT_CLASS = YES_ERROR;
				CLANG_WARN_RANGE_LOOP_ANALYSIS = YES;
				CLANG_WARN_STRICT_PROTOTYPES = YES;
				CLANG_WARN_SUSPICIOUS_MOVE = YES;
				CLANG_WARN_UNGUARDED_AVAILABILITY = YES_AGGRESSIVE;
				CLANG_WARN_UNREACHABLE_CODE = YES;
				CLANG_WARN__DUPLICATE_METHOD_MATCH = YES;
				COPY_PHASE_STRIP = NO;
				DEBUG_INFORMATION_FORMAT = dwarf;
				ENABLE_STRICT_OBJC_MSGSEND = YES;
				ENABLE_TESTABILITY = YES;
				GCC_C_LANGUAGE_STANDARD = gnu11;
				GCC_DYNAMIC_NO_PIC = NO;
				GCC_NO_COMMON_BLOCKS = YES;
				GCC_OPTIMIZATION_LEVEL = 0;
				GCC_PREPROCESSOR_DEFINITIONS = (
					"DEBUG=1",
					"$(inherited)",
				);
				GCC_WARN_64_TO_32_BIT_CONVERSION = YES;
				GCC_WARN_ABOUT_RETURN_TYPE = YES_ERROR;
				GCC_WARN_UNDECLARED_SELECTOR = YES;
				GCC_WARN_UNINITIALIZED_AUTOS = YES_AGGRESSIVE;
				GCC_WARN_UNUSED_FUNCTION = YES;
				GCC_WARN_UNUSED_VARIABLE = YES;
				IPHONEOS_DEPLOYMENT_TARGET = 13.4;
				MTL_ENABLE_DEBUG_INFO = INCLUDE_SOURCE;
				MTL_FAST_MATH = YES;
				ONLY_ACTIVE_ARCH = YES;
				SDKROOT = iphoneos;
				SWIFT_ACTIVE_COMPILATION_CONDITIONS = DEBUG;
				SWIFT_OPTIMIZATION_LEVEL = "-Onone";
			};
			name = Debug;
		};
		A3D7AC1E24813E7400BE96BB /* Release */ = {
			isa = XCBuildConfiguration;
			buildSettings = {
				ALWAYS_SEARCH_USER_PATHS = NO;
				CLANG_ANALYZER_NONNULL = YES;
				CLANG_ANALYZER_NUMBER_OBJECT_CONVERSION = YES_AGGRESSIVE;
				CLANG_CXX_LANGUAGE_STANDARD = "gnu++14";
				CLANG_CXX_LIBRARY = "libc++";
				CLANG_ENABLE_MODULES = YES;
				CLANG_ENABLE_OBJC_ARC = YES;
				CLANG_ENABLE_OBJC_WEAK = YES;
				CLANG_WARN_BLOCK_CAPTURE_AUTORELEASING = YES;
				CLANG_WARN_BOOL_CONVERSION = YES;
				CLANG_WARN_COMMA = YES;
				CLANG_WARN_CONSTANT_CONVERSION = YES;
				CLANG_WARN_DEPRECATED_OBJC_IMPLEMENTATIONS = YES;
				CLANG_WARN_DIRECT_OBJC_ISA_USAGE = YES_ERROR;
				CLANG_WARN_DOCUMENTATION_COMMENTS = YES;
				CLANG_WARN_EMPTY_BODY = YES;
				CLANG_WARN_ENUM_CONVERSION = YES;
				CLANG_WARN_INFINITE_RECURSION = YES;
				CLANG_WARN_INT_CONVERSION = YES;
				CLANG_WARN_NON_LITERAL_NULL_CONVERSION = YES;
				CLANG_WARN_OBJC_IMPLICIT_RETAIN_SELF = YES;
				CLANG_WARN_OBJC_LITERAL_CONVERSION = YES;
				CLANG_WARN_OBJC_ROOT_CLASS = YES_ERROR;
				CLANG_WARN_RANGE_LOOP_ANALYSIS = YES;
				CLANG_WARN_STRICT_PROTOTYPES = YES;
				CLANG_WARN_SUSPICIOUS_MOVE = YES;
				CLANG_WARN_UNGUARDED_AVAILABILITY = YES_AGGRESSIVE;
				CLANG_WARN_UNREACHABLE_CODE = YES;
				CLANG_WARN__DUPLICATE_METHOD_MATCH = YES;
				COPY_PHASE_STRIP = NO;
				DEBUG_INFORMATION_FORMAT = "dwarf-with-dsym";
				ENABLE_NS_ASSERTIONS = NO;
				ENABLE_STRICT_OBJC_MSGSEND = YES;
				GCC_C_LANGUAGE_STANDARD = gnu11;
				GCC_NO_COMMON_BLOCKS = YES;
				GCC_WARN_64_TO_32_BIT_CONVERSION = YES;
				GCC_WARN_ABOUT_RETURN_TYPE = YES_ERROR;
				GCC_WARN_UNDECLARED_SELECTOR = YES;
				GCC_WARN_UNINITIALIZED_AUTOS = YES_AGGRESSIVE;
				GCC_WARN_UNUSED_FUNCTION = YES;
				GCC_WARN_UNUSED_VARIABLE = YES;
				IPHONEOS_DEPLOYMENT_TARGET = 13.4;
				MTL_ENABLE_DEBUG_INFO = NO;
				MTL_FAST_MATH = YES;
				SDKROOT = iphoneos;
				SWIFT_COMPILATION_MODE = wholemodule;
				SWIFT_OPTIMIZATION_LEVEL = "-O";
				VALIDATE_PRODUCT = YES;
			};
			name = Release;
		};
		A3D7AC2024813E7400BE96BB /* Debug */ = {
			isa = XCBuildConfiguration;
			buildSettings = {
				ASSETCATALOG_COMPILER_APPICON_NAME = AppIcon;
				CODE_SIGN_STYLE = Automatic;
				DEVELOPMENT_TEAM = 8FMTT8DQ4W;
				INFOPLIST_FILE = FlightRadar/Info.plist;
				IPHONEOS_DEPLOYMENT_TARGET = 13.0;
				LD_RUNPATH_SEARCH_PATHS = (
					"$(inherited)",
					"@executable_path/Frameworks",
				);
				PRODUCT_BUNDLE_IDENTIFIER = com.FlightRadar;
				PRODUCT_NAME = "$(TARGET_NAME)";
				SWIFT_VERSION = 5.0;
				TARGETED_DEVICE_FAMILY = "1,2";
			};
			name = Debug;
		};
		A3D7AC2124813E7400BE96BB /* Release */ = {
			isa = XCBuildConfiguration;
			buildSettings = {
				ASSETCATALOG_COMPILER_APPICON_NAME = AppIcon;
				CODE_SIGN_STYLE = Automatic;
				DEVELOPMENT_TEAM = 8FMTT8DQ4W;
				INFOPLIST_FILE = FlightRadar/Info.plist;
				IPHONEOS_DEPLOYMENT_TARGET = 13.0;
				LD_RUNPATH_SEARCH_PATHS = (
					"$(inherited)",
					"@executable_path/Frameworks",
				);
				PRODUCT_BUNDLE_IDENTIFIER = com.FlightRadar;
				PRODUCT_NAME = "$(TARGET_NAME)";
				SWIFT_VERSION = 5.0;
				TARGETED_DEVICE_FAMILY = "1,2";
			};
			name = Release;
		};
		A3D7AC2324813E7400BE96BB /* Debug */ = {
			isa = XCBuildConfiguration;
			buildSettings = {
				ALWAYS_EMBED_SWIFT_STANDARD_LIBRARIES = YES;
				BUNDLE_LOADER = "$(TEST_HOST)";
				CODE_SIGN_STYLE = Automatic;
				DEVELOPMENT_TEAM = 8FMTT8DQ4W;
				INFOPLIST_FILE = FlightRadarTests/Info.plist;
				IPHONEOS_DEPLOYMENT_TARGET = 13.4;
				LD_RUNPATH_SEARCH_PATHS = (
					"$(inherited)",
					"@executable_path/Frameworks",
					"@loader_path/Frameworks",
				);
				PRODUCT_BUNDLE_IDENTIFIER = com.FlightRadarTests;
				PRODUCT_NAME = "$(TARGET_NAME)";
				SWIFT_VERSION = 5.0;
				TARGETED_DEVICE_FAMILY = "1,2";
				TEST_HOST = "$(BUILT_PRODUCTS_DIR)/FlightRadar.app/FlightRadar";
			};
			name = Debug;
		};
		A3D7AC2424813E7400BE96BB /* Release */ = {
			isa = XCBuildConfiguration;
			buildSettings = {
				ALWAYS_EMBED_SWIFT_STANDARD_LIBRARIES = YES;
				BUNDLE_LOADER = "$(TEST_HOST)";
				CODE_SIGN_STYLE = Automatic;
				DEVELOPMENT_TEAM = 8FMTT8DQ4W;
				INFOPLIST_FILE = FlightRadarTests/Info.plist;
				IPHONEOS_DEPLOYMENT_TARGET = 13.4;
				LD_RUNPATH_SEARCH_PATHS = (
					"$(inherited)",
					"@executable_path/Frameworks",
					"@loader_path/Frameworks",
				);
				PRODUCT_BUNDLE_IDENTIFIER = com.FlightRadarTests;
				PRODUCT_NAME = "$(TARGET_NAME)";
				SWIFT_VERSION = 5.0;
				TARGETED_DEVICE_FAMILY = "1,2";
				TEST_HOST = "$(BUILT_PRODUCTS_DIR)/FlightRadar.app/FlightRadar";
			};
			name = Release;
		};
		A3D7AC2624813E7400BE96BB /* Debug */ = {
			isa = XCBuildConfiguration;
			buildSettings = {
				ALWAYS_EMBED_SWIFT_STANDARD_LIBRARIES = YES;
				CODE_SIGN_STYLE = Automatic;
				DEVELOPMENT_TEAM = 8FMTT8DQ4W;
				INFOPLIST_FILE = FlightRadarUITests/Info.plist;
				LD_RUNPATH_SEARCH_PATHS = (
					"$(inherited)",
					"@executable_path/Frameworks",
					"@loader_path/Frameworks",
				);
				PRODUCT_BUNDLE_IDENTIFIER = com.FlightRadarUITests;
				PRODUCT_NAME = "$(TARGET_NAME)";
				SWIFT_VERSION = 5.0;
				TARGETED_DEVICE_FAMILY = "1,2";
				TEST_TARGET_NAME = FlightRadar;
			};
			name = Debug;
		};
		A3D7AC2724813E7400BE96BB /* Release */ = {
			isa = XCBuildConfiguration;
			buildSettings = {
				ALWAYS_EMBED_SWIFT_STANDARD_LIBRARIES = YES;
				CODE_SIGN_STYLE = Automatic;
				DEVELOPMENT_TEAM = 8FMTT8DQ4W;
				INFOPLIST_FILE = FlightRadarUITests/Info.plist;
				LD_RUNPATH_SEARCH_PATHS = (
					"$(inherited)",
					"@executable_path/Frameworks",
					"@loader_path/Frameworks",
				);
				PRODUCT_BUNDLE_IDENTIFIER = com.FlightRadarUITests;
				PRODUCT_NAME = "$(TARGET_NAME)";
				SWIFT_VERSION = 5.0;
				TARGETED_DEVICE_FAMILY = "1,2";
				TEST_TARGET_NAME = FlightRadar;
			};
			name = Release;
		};
/* End XCBuildConfiguration section */

/* Begin XCConfigurationList section */
		A3D7ABF024813E7000BE96BB /* Build configuration list for PBXProject "FlightRadar" */ = {
			isa = XCConfigurationList;
			buildConfigurations = (
				A3D7AC1D24813E7400BE96BB /* Debug */,
				A3D7AC1E24813E7400BE96BB /* Release */,
			);
			defaultConfigurationIsVisible = 0;
			defaultConfigurationName = Release;
		};
		A3D7AC1F24813E7400BE96BB /* Build configuration list for PBXNativeTarget "FlightRadar" */ = {
			isa = XCConfigurationList;
			buildConfigurations = (
				A3D7AC2024813E7400BE96BB /* Debug */,
				A3D7AC2124813E7400BE96BB /* Release */,
			);
			defaultConfigurationIsVisible = 0;
			defaultConfigurationName = Release;
		};
		A3D7AC2224813E7400BE96BB /* Build configuration list for PBXNativeTarget "FlightRadarTests" */ = {
			isa = XCConfigurationList;
			buildConfigurations = (
				A3D7AC2324813E7400BE96BB /* Debug */,
				A3D7AC2424813E7400BE96BB /* Release */,
			);
			defaultConfigurationIsVisible = 0;
			defaultConfigurationName = Release;
		};
		A3D7AC2524813E7400BE96BB /* Build configuration list for PBXNativeTarget "FlightRadarUITests" */ = {
			isa = XCConfigurationList;
			buildConfigurations = (
				A3D7AC2624813E7400BE96BB /* Debug */,
				A3D7AC2724813E7400BE96BB /* Release */,
			);
			defaultConfigurationIsVisible = 0;
			defaultConfigurationName = Release;
		};
/* End XCConfigurationList section */
	};
	rootObject = A3D7ABED24813E7000BE96BB /* Project object */;
}
